
Microsoft Visual Studio Solution File, Format Version 12.00
# Visual Studio 15
VisualStudioVersion = 15.0.28307.2092
MinimumVisualStudioVersion = 10.0.40219.1
Project("{8BC9CEB8-8B4A-11D0-8D11-00A0C91BC942}") = "assimp_cmd", "thirdparty\assimp-5.2.4\tools\assimp_cmd\assimp_cmd.vcxproj", "{1D530CB0-132B-3345-A922-CB61B7405248}"
	ProjectSection(ProjectDependencies) = postProject
		{98370A1A-2305-3AE1-8D6B-0841290DE59E} = {98370A1A-2305-3AE1-8D6B-0841290DE59E}
		{5C9D932F-26EC-436B-9ADA-949866775887} = {5C9D932F-26EC-436B-9ADA-949866775887}
		{735F8634-A0CE-4324-A9AD-6382241BB3FA} = {735F8634-A0CE-4324-A9AD-6382241BB3FA}
		{4E48F147-FD37-4B2B-9553-D788563079FC} = {4E48F147-FD37-4B2B-9553-D788563079FC}
		{9ED13F59-1EF8-4258-BCFD-B46090F0F5C5} = {9ED13F59-1EF8-4258-BCFD-B46090F0F5C5}
		{D75C1478-9C2D-3245-92AB-BA6BCA09A05C} = {D75C1478-9C2D-3245-92AB-BA6BCA09A05C}
		{24DD5C7C-E62B-3ABC-8208-C887D5A9D017} = {24DD5C7C-E62B-3ABC-8208-C887D5A9D017}
		{47C1E9C2-D9F6-3872-8C14-64AD982CBF1E} = {47C1E9C2-D9F6-3872-8C14-64AD982CBF1E}
		{A78DCBC4-077B-4884-A7F4-D9AF70EDB538} = {A78DCBC4-077B-4884-A7F4-D9AF70EDB538}
		{E6D162E3-DB91-4120-934E-EB787285F67C} = {E6D162E3-DB91-4120-934E-EB787285F67C}
		{E7D3A6FB-0053-46F9-B10D-4F27FE526700} = {E7D3A6FB-0053-46F9-B10D-4F27FE526700}
	EndProjectSection
EndProject
Project("{8BC9CEB8-8B4A-11D0-8D11-00A0C91BC942}") = "assimp_simpleogl", "demo\samples\SimpleOpenGL\assimp_simpleogl.vcxproj", "{AB542D1E-F864-328D-A1AC-FF99CC6BAD6E}"
	ProjectSection(ProjectDependencies) = postProject
		{B533889F-B0DD-3C2B-8F0F-52628E480519} = {B533889F-B0DD-3C2B-8F0F-52628E480519}
	EndProjectSection
EndProject
Project("{8BC9CEB8-8B4A-11D0-8D11-00A0C91BC942}") = "assimp_simpletextureddirectx11", "demo\samples\SimpleTexturedDirectx11\assimp_simpletextureddirectx11.vcxproj", "{5BF83CBD-C33E-3D97-B61D-8072E8B88C91}"
	ProjectSection(ProjectDependencies) = postProject
		{B533889F-B0DD-3C2B-8F0F-52628E480519} = {B533889F-B0DD-3C2B-8F0F-52628E480519}
	EndProjectSection
EndProject
Project("{8BC9CEB8-8B4A-11D0-8D11-00A0C91BC942}") = "assimp_simpletexturedogl", "demo\samples\SimpleTexturedOpenGL\assimp_simpletexturedogl.vcxproj", "{1FE816BE-9AD8-3DDA-A113-A682C629161E}"
	ProjectSection(ProjectDependencies) = postProject
		{B533889F-B0DD-3C2B-8F0F-52628E480519} = {B533889F-B0DD-3C2B-8F0F-52628E480519}
	EndProjectSection
EndProject
Project("{8BC9CEB8-8B4A-11D0-8D11-00A0C91BC942}") = "assimp_viewer", "thirdparty\assimp-5.2.4\tools\assimp_view\assimp_viewer.vcxproj", "{36E5C465-BC55-38D7-9AC6-E4F898B4B163}"
	ProjectSection(ProjectDependencies) = postProject
		{98370A1A-2305-3AE1-8D6B-0841290DE59E} = {98370A1A-2305-3AE1-8D6B-0841290DE59E}
		{5C9D932F-26EC-436B-9ADA-949866775887} = {5C9D932F-26EC-436B-9ADA-949866775887}
		{735F8634-A0CE-4324-A9AD-6382241BB3FA} = {735F8634-A0CE-4324-A9AD-6382241BB3FA}
		{4E48F147-FD37-4B2B-9553-D788563079FC} = {4E48F147-FD37-4B2B-9553-D788563079FC}
		{9ED13F59-1EF8-4258-BCFD-B46090F0F5C5} = {9ED13F59-1EF8-4258-BCFD-B46090F0F5C5}
		{D75C1478-9C2D-3245-92AB-BA6BCA09A05C} = {D75C1478-9C2D-3245-92AB-BA6BCA09A05C}
		{24DD5C7C-E62B-3ABC-8208-C887D5A9D017} = {24DD5C7C-E62B-3ABC-8208-C887D5A9D017}
		{47C1E9C2-D9F6-3872-8C14-64AD982CBF1E} = {47C1E9C2-D9F6-3872-8C14-64AD982CBF1E}
		{A78DCBC4-077B-4884-A7F4-D9AF70EDB538} = {A78DCBC4-077B-4884-A7F4-D9AF70EDB538}
		{E6D162E3-DB91-4120-934E-EB787285F67C} = {E6D162E3-DB91-4120-934E-EB787285F67C}
		{E7D3A6FB-0053-46F9-B10D-4F27FE526700} = {E7D3A6FB-0053-46F9-B10D-4F27FE526700}
	EndProjectSection
EndProject
Project("{8BC9CEB8-8B4A-11D0-8D11-00A0C91BC942}") = "unit", "demo\test\unit.vcxproj", "{A7C2CB66-540C-3CCA-A8ED-8130A72667EA}"
	ProjectSection(ProjectDependencies) = postProject
		{B533889F-B0DD-3C2B-8F0F-52628E480519} = {B533889F-B0DD-3C2B-8F0F-52628E480519}
	EndProjectSection
EndProject
Project("{2150E333-8FDC-42A3-9474-1A3956D46DE8}") = "0_thirdparty", "0_thirdparty", "{ACBA8C2F-7FB5-4D67-933C-0F7EE95E5A54}"
EndProject
Project("{2150E333-8FDC-42A3-9474-1A3956D46DE8}") = "1_demo", "1_demo", "{7E0D5B78-9DE1-42C2-9157-4CBDC0CCA4AE}"
EndProject
Project("{8BC9CEB8-8B4A-11D0-8D11-00A0C91BC942}") = "assimp", "thirdparty\assimp-5.2.4\assimp.vcxproj", "{B533889F-B0DD-3C2B-8F0F-52628E480519}"
	ProjectSection(ProjectDependencies) = postProject
		{98370A1A-2305-3AE1-8D6B-0841290DE59E} = {98370A1A-2305-3AE1-8D6B-0841290DE59E}
		{5C9D932F-26EC-436B-9ADA-949866775887} = {5C9D932F-26EC-436B-9ADA-949866775887}
		{735F8634-A0CE-4324-A9AD-6382241BB3FA} = {735F8634-A0CE-4324-A9AD-6382241BB3FA}
		{4E48F147-FD37-4B2B-9553-D788563079FC} = {4E48F147-FD37-4B2B-9553-D788563079FC}
		{9ED13F59-1EF8-4258-BCFD-B46090F0F5C5} = {9ED13F59-1EF8-4258-BCFD-B46090F0F5C5}
		{D75C1478-9C2D-3245-92AB-BA6BCA09A05C} = {D75C1478-9C2D-3245-92AB-BA6BCA09A05C}
		{24DD5C7C-E62B-3ABC-8208-C887D5A9D017} = {24DD5C7C-E62B-3ABC-8208-C887D5A9D017}
		{47C1E9C2-D9F6-3872-8C14-64AD982CBF1E} = {47C1E9C2-D9F6-3872-8C14-64AD982CBF1E}
		{A78DCBC4-077B-4884-A7F4-D9AF70EDB538} = {A78DCBC4-077B-4884-A7F4-D9AF70EDB538}
		{E6D162E3-DB91-4120-934E-EB787285F67C} = {E6D162E3-DB91-4120-934E-EB787285F67C}
	EndProjectSection
EndProject
Project("{8BC9CEB8-8B4A-11D0-8D11-00A0C91BC942}") = "libzlib", "thirdparty\zlib-1.2.12\libzlib.vcxproj", "{98370A1A-2305-3AE1-8D6B-0841290DE59E}"
EndProject
Project("{2150E333-8FDC-42A3-9474-1A3956D46DE8}") = "samples", "samples", "{1B0A8FCC-EBBD-4A2D-BF41-265237FA1A86}"
EndProject
Project("{2150E333-8FDC-42A3-9474-1A3956D46DE8}") = "test", "test", "{C6643DE4-01D6-4904-AAE1-D9B5E83ED872}"
EndProject
Project("{2150E333-8FDC-42A3-9474-1A3956D46DE8}") = "2_exe", "2_exe", "{F2662CCE-1CD0-4BF2-8E67-A4CA97DACC80}"
EndProject
Project("{8BC9CEB8-8B4A-11D0-8D11-00A0C91BC942}") = "libfreeglut", "thirdparty\freeglut-3.2.2\libfreeglut.vcxproj", "{D75C1478-9C2D-3245-92AB-BA6BCA09A05C}"
EndProject
Project("{8BC9CEB8-8B4A-11D0-8D11-00A0C91BC942}") = "libpugixml", "thirdparty\pugixml-1.12\libpugixml.vcxproj", "{47C1E9C2-D9F6-3872-8C14-64AD982CBF1E}"
EndProject
Project("{8BC9CEB8-8B4A-11D0-8D11-00A0C91BC942}") = "libpoly2tri", "thirdparty\poly2tri\libpoly2tri.vcxproj", "{24DD5C7C-E62B-3ABC-8208-C887D5A9D017}"
EndProject
Project("{8BC9CEB8-8B4A-11D0-8D11-00A0C91BC942}") = "libopenddlparser", "thirdparty\openddl-parser-0.5.0\libopenddlparser.vcxproj", "{9ED13F59-1EF8-4258-BCFD-B46090F0F5C5}"
EndProject
Project("{2150E333-8FDC-42A3-9474-1A3956D46DE8}") = "0_lib", "0_lib", "{D014889A-5845-473A-84B8-D6BA845F32A9}"
EndProject
Project("{2150E333-8FDC-42A3-9474-1A3956D46DE8}") = "1_dll", "1_dll", "{46C12058-D5FB-44EC-8EB4-3D3253250C89}"
EndProject
Project("{8BC9CEB8-8B4A-11D0-8D11-00A0C91BC942}") = "libopen3dgc", "thirdparty\open3dgc\libopen3dgc.vcxproj", "{A78DCBC4-077B-4884-A7F4-D9AF70EDB538}"
EndProject
Project("{8BC9CEB8-8B4A-11D0-8D11-00A0C91BC942}") = "libassimp_clipper", "thirdparty\assimp_clipper\libassimp_clipper.vcxproj", "{4E48F147-FD37-4B2B-9553-D788563079FC}"
EndProject
Project("{8BC9CEB8-8B4A-11D0-8D11-00A0C91BC942}") = "libassimp_zip", "thirdparty\assimp_zip\libassimp_zip.vcxproj", "{735F8634-A0CE-4324-A9AD-6382241BB3FA}"
EndProject
Project("{8BC9CEB8-8B4A-11D0-8D11-00A0C91BC942}") = "libassimp_unzip", "thirdparty\assimp_unzip\libassimp_unzip.vcxproj", "{E6D162E3-DB91-4120-934E-EB787285F67C}"
EndProject
Project("{8BC9CEB8-8B4A-11D0-8D11-00A0C91BC942}") = "libgtest", "thirdparty\gtest-1.7.0\libgtest.vcxproj", "{5C9D932F-26EC-436B-9ADA-949866775887}"
EndProject
Project("{8BC9CEB8-8B4A-11D0-8D11-00A0C91BC942}") = "libassimp", "thirdparty\assimp-5.2.4\libassimp.vcxproj", "{E7D3A6FB-0053-46F9-B10D-4F27FE526700}"
EndProject
Global
	GlobalSection(SolutionConfigurationPlatforms) = preSolution
		Debug|x64 = Debug|x64
		Release|x64 = Release|x64
	EndGlobalSection
	GlobalSection(ProjectConfigurationPlatforms) = postSolution
		{1D530CB0-132B-3345-A922-CB61B7405248}.Debug|x64.ActiveCfg = Debug|x64
		{1D530CB0-132B-3345-A922-CB61B7405248}.Debug|x64.Build.0 = Debug|x64
		{1D530CB0-132B-3345-A922-CB61B7405248}.Release|x64.ActiveCfg = Release|x64
		{1D530CB0-132B-3345-A922-CB61B7405248}.Release|x64.Build.0 = Release|x64
		{AB542D1E-F864-328D-A1AC-FF99CC6BAD6E}.Debug|x64.ActiveCfg = Debug|x64
		{AB542D1E-F864-328D-A1AC-FF99CC6BAD6E}.Debug|x64.Build.0 = Debug|x64
		{AB542D1E-F864-328D-A1AC-FF99CC6BAD6E}.Release|x64.ActiveCfg = Release|x64
		{AB542D1E-F864-328D-A1AC-FF99CC6BAD6E}.Release|x64.Build.0 = Release|x64
		{5BF83CBD-C33E-3D97-B61D-8072E8B88C91}.Debug|x64.ActiveCfg = Debug|x64
		{5BF83CBD-C33E-3D97-B61D-8072E8B88C91}.Debug|x64.Build.0 = Debug|x64
		{5BF83CBD-C33E-3D97-B61D-8072E8B88C91}.Release|x64.ActiveCfg = Release|x64
		{5BF83CBD-C33E-3D97-B61D-8072E8B88C91}.Release|x64.Build.0 = Release|x64
		{1FE816BE-9AD8-3DDA-A113-A682C629161E}.Debug|x64.ActiveCfg = Debug|x64
		{1FE816BE-9AD8-3DDA-A113-A682C629161E}.Debug|x64.Build.0 = Debug|x64
		{1FE816BE-9AD8-3DDA-A113-A682C629161E}.Release|x64.ActiveCfg = Release|x64
		{1FE816BE-9AD8-3DDA-A113-A682C629161E}.Release|x64.Build.0 = Release|x64
		{36E5C465-BC55-38D7-9AC6-E4F898B4B163}.Debug|x64.ActiveCfg = Debug|x64
		{36E5C465-BC55-38D7-9AC6-E4F898B4B163}.Debug|x64.Build.0 = Debug|x64
		{36E5C465-BC55-38D7-9AC6-E4F898B4B163}.Release|x64.ActiveCfg = Release|x64
		{36E5C465-BC55-38D7-9AC6-E4F898B4B163}.Release|x64.Build.0 = Release|x64
		{A7C2CB66-540C-3CCA-A8ED-8130A72667EA}.Debug|x64.ActiveCfg = Debug|x64
		{A7C2CB66-540C-3CCA-A8ED-8130A72667EA}.Debug|x64.Build.0 = Debug|x64
		{A7C2CB66-540C-3CCA-A8ED-8130A72667EA}.Release|x64.ActiveCfg = Release|x64
		{A7C2CB66-540C-3CCA-A8ED-8130A72667EA}.Release|x64.Build.0 = Release|x64
		{B533889F-B0DD-3C2B-8F0F-52628E480519}.Debug|x64.ActiveCfg = Debug|x64
		{B533889F-B0DD-3C2B-8F0F-52628E480519}.Debug|x64.Build.0 = Debug|x64
		{B533889F-B0DD-3C2B-8F0F-52628E480519}.Release|x64.ActiveCfg = Release|x64
		{B533889F-B0DD-3C2B-8F0F-52628E480519}.Release|x64.Build.0 = Release|x64
		{98370A1A-2305-3AE1-8D6B-0841290DE59E}.Debug|x64.ActiveCfg = Debug|x64
		{98370A1A-2305-3AE1-8D6B-0841290DE59E}.Debug|x64.Build.0 = Debug|x64
		{98370A1A-2305-3AE1-8D6B-0841290DE59E}.Release|x64.ActiveCfg = Release|x64
		{98370A1A-2305-3AE1-8D6B-0841290DE59E}.Release|x64.Build.0 = Release|x64
		{D75C1478-9C2D-3245-92AB-BA6BCA09A05C}.Debug|x64.ActiveCfg = Debug|x64
		{D75C1478-9C2D-3245-92AB-BA6BCA09A05C}.Debug|x64.Build.0 = Debug|x64
		{D75C1478-9C2D-3245-92AB-BA6BCA09A05C}.Release|x64.ActiveCfg = Release|x64
		{D75C1478-9C2D-3245-92AB-BA6BCA09A05C}.Release|x64.Build.0 = Release|x64
		{47C1E9C2-D9F6-3872-8C14-64AD982CBF1E}.Debug|x64.ActiveCfg = Debug|x64
		{47C1E9C2-D9F6-3872-8C14-64AD982CBF1E}.Debug|x64.Build.0 = Debug|x64
		{47C1E9C2-D9F6-3872-8C14-64AD982CBF1E}.Release|x64.ActiveCfg = Release|x64
		{47C1E9C2-D9F6-3872-8C14-64AD982CBF1E}.Release|x64.Build.0 = Release|x64
		{24DD5C7C-E62B-3ABC-8208-C887D5A9D017}.Debug|x64.ActiveCfg = Debug|x64
		{24DD5C7C-E62B-3ABC-8208-C887D5A9D017}.Debug|x64.Build.0 = Debug|x64
		{24DD5C7C-E62B-3ABC-8208-C887D5A9D017}.Release|x64.ActiveCfg = Release|x64
		{24DD5C7C-E62B-3ABC-8208-C887D5A9D017}.Release|x64.Build.0 = Release|x64
		{9ED13F59-1EF8-4258-BCFD-B46090F0F5C5}.Debug|x64.ActiveCfg = Debug|x64
		{9ED13F59-1EF8-4258-BCFD-B46090F0F5C5}.Debug|x64.Build.0 = Debug|x64
		{9ED13F59-1EF8-4258-BCFD-B46090F0F5C5}.Release|x64.ActiveCfg = Release|x64
		{9ED13F59-1EF8-4258-BCFD-B46090F0F5C5}.Release|x64.Build.0 = Release|x64
		{A78DCBC4-077B-4884-A7F4-D9AF70EDB538}.Debug|x64.ActiveCfg = Debug|x64
		{A78DCBC4-077B-4884-A7F4-D9AF70EDB538}.Debug|x64.Build.0 = Debug|x64
		{A78DCBC4-077B-4884-A7F4-D9AF70EDB538}.Release|x64.ActiveCfg = Release|x64
		{A78DCBC4-077B-4884-A7F4-D9AF70EDB538}.Release|x64.Build.0 = Release|x64
		{4E48F147-FD37-4B2B-9553-D788563079FC}.Debug|x64.ActiveCfg = Debug|x64
		{4E48F147-FD37-4B2B-9553-D788563079FC}.Debug|x64.Build.0 = Debug|x64
		{4E48F147-FD37-4B2B-9553-D788563079FC}.Release|x64.ActiveCfg = Release|x64
		{4E48F147-FD37-4B2B-9553-D788563079FC}.Release|x64.Build.0 = Release|x64
		{735F8634-A0CE-4324-A9AD-6382241BB3FA}.Debug|x64.ActiveCfg = Debug|x64
		{735F8634-A0CE-4324-A9AD-6382241BB3FA}.Debug|x64.Build.0 = Debug|x64
		{735F8634-A0CE-4324-A9AD-6382241BB3FA}.Release|x64.ActiveCfg = Release|x64
		{735F8634-A0CE-4324-A9AD-6382241BB3FA}.Release|x64.Build.0 = Release|x64
		{E6D162E3-DB91-4120-934E-EB787285F67C}.Debug|x64.ActiveCfg = Debug|x64
		{E6D162E3-DB91-4120-934E-EB787285F67C}.Debug|x64.Build.0 = Debug|x64
		{E6D162E3-DB91-4120-934E-EB787285F67C}.Release|x64.ActiveCfg = Release|x64
		{E6D162E3-DB91-4120-934E-EB787285F67C}.Release|x64.Build.0 = Release|x64
		{5C9D932F-26EC-436B-9ADA-949866775887}.Debug|x64.ActiveCfg = Debug|x64
		{5C9D932F-26EC-436B-9ADA-949866775887}.Debug|x64.Build.0 = Debug|x64
		{5C9D932F-26EC-436B-9ADA-949866775887}.Release|x64.ActiveCfg = Release|x64
		{5C9D932F-26EC-436B-9ADA-949866775887}.Release|x64.Build.0 = Release|x64
		{E7D3A6FB-0053-46F9-B10D-4F27FE526700}.Debug|x64.ActiveCfg = Debug|x64
		{E7D3A6FB-0053-46F9-B10D-4F27FE526700}.Debug|x64.Build.0 = Debug|x64
		{E7D3A6FB-0053-46F9-B10D-4F27FE526700}.Release|x64.ActiveCfg = Release|x64
		{E7D3A6FB-0053-46F9-B10D-4F27FE526700}.Release|x64.Build.0 = Release|x64
	EndGlobalSection
	GlobalSection(SolutionProperties) = preSolution
		HideSolutionNode = FALSE
	EndGlobalSection
	GlobalSection(NestedProjects) = preSolution
		{1D530CB0-132B-3345-A922-CB61B7405248} = {F2662CCE-1CD0-4BF2-8E67-A4CA97DACC80}
		{AB542D1E-F864-328D-A1AC-FF99CC6BAD6E} = {1B0A8FCC-EBBD-4A2D-BF41-265237FA1A86}
		{5BF83CBD-C33E-3D97-B61D-8072E8B88C91} = {1B0A8FCC-EBBD-4A2D-BF41-265237FA1A86}
		{1FE816BE-9AD8-3DDA-A113-A682C629161E} = {1B0A8FCC-EBBD-4A2D-BF41-265237FA1A86}
		{36E5C465-BC55-38D7-9AC6-E4F898B4B163} = {F2662CCE-1CD0-4BF2-8E67-A4CA97DACC80}
		{A7C2CB66-540C-3CCA-A8ED-8130A72667EA} = {C6643DE4-01D6-4904-AAE1-D9B5E83ED872}
		{B533889F-B0DD-3C2B-8F0F-52628E480519} = {46C12058-D5FB-44EC-8EB4-3D3253250C89}
		{98370A1A-2305-3AE1-8D6B-0841290DE59E} = {D014889A-5845-473A-84B8-D6BA845F32A9}
		{1B0A8FCC-EBBD-4A2D-BF41-265237FA1A86} = {7E0D5B78-9DE1-42C2-9157-4CBDC0CCA4AE}
		{C6643DE4-01D6-4904-AAE1-D9B5E83ED872} = {7E0D5B78-9DE1-42C2-9157-4CBDC0CCA4AE}
		{F2662CCE-1CD0-4BF2-8E67-A4CA97DACC80} = {ACBA8C2F-7FB5-4D67-933C-0F7EE95E5A54}
		{D75C1478-9C2D-3245-92AB-BA6BCA09A05C} = {D014889A-5845-473A-84B8-D6BA845F32A9}
		{47C1E9C2-D9F6-3872-8C14-64AD982CBF1E} = {D014889A-5845-473A-84B8-D6BA845F32A9}
		{24DD5C7C-E62B-3ABC-8208-C887D5A9D017} = {D014889A-5845-473A-84B8-D6BA845F32A9}
		{9ED13F59-1EF8-4258-BCFD-B46090F0F5C5} = {D014889A-5845-473A-84B8-D6BA845F32A9}
		{D014889A-5845-473A-84B8-D6BA845F32A9} = {ACBA8C2F-7FB5-4D67-933C-0F7EE95E5A54}
		{46C12058-D5FB-44EC-8EB4-3D3253250C89} = {ACBA8C2F-7FB5-4D67-933C-0F7EE95E5A54}
		{A78DCBC4-077B-4884-A7F4-D9AF70EDB538} = {D014889A-5845-473A-84B8-D6BA845F32A9}
		{4E48F147-FD37-4B2B-9553-D788563079FC} = {D014889A-5845-473A-84B8-D6BA845F32A9}
		{735F8634-A0CE-4324-A9AD-6382241BB3FA} = {D014889A-5845-473A-84B8-D6BA845F32A9}
		{E6D162E3-DB91-4120-934E-EB787285F67C} = {D014889A-5845-473A-84B8-D6BA845F32A9}
		{5C9D932F-26EC-436B-9ADA-949866775887} = {D014889A-5845-473A-84B8-D6BA845F32A9}
		{E7D3A6FB-0053-46F9-B10D-4F27FE526700} = {D014889A-5845-473A-84B8-D6BA845F32A9}
	EndGlobalSection
	GlobalSection(ExtensibilityGlobals) = postSolution
		SolutionGuid = {46830CAB-1B9A-321F-8269-80FB0B3AEE38}
	EndGlobalSection
EndGlobal
